
Microsoft Visual Studio Solution File, Format Version 12.00
# Visual Studio Version 16
VisualStudioVersion = 16.0.30907.101
MinimumVisualStudioVersion = 10.0.40219.1
Project("{FAE04EC0-301F-11D3-BF4B-00C04F79EFBC}") = "PerformanceEvaluation", "PerformanceEvaluation\PerformanceEvaluation.csproj", "{984166CD-F413-4C59-B900-E1F642AB03BE}"
EndProject
Global
	GlobalSection(SolutionConfigurationPlatforms) = preSolution
		Debug|Any CPU = Debug|Any CPU
		Release|Any CPU = Release|Any CPU
	EndGlobalSection
	GlobalSection(ProjectConfigurationPlatforms) = postSolution
		{984166CD-F413-4C59-B900-E1F642AB03BE}.Debug|Any CPU.ActiveCfg = Debug|Any CPU
		{984166CD-F413-4C59-B900-E1F642AB03BE}.Debug|Any CPU.Build.0 = Debug|Any CPU
		{984166CD-F413-4C59-B900-E1F642AB03BE}.Release|Any CPU.ActiveCfg = Release|Any CPU
		{984166CD-F413-4C59-B900-E1F642AB03BE}.Release|Any CPU.Build.0 = Release|Any CPU
	EndGlobalSection
	GlobalSection(SolutionProperties) = preSolution
		HideSolutionNode = FALSE
	EndGlobalSection
	GlobalSection(ExtensibilityGlobals) = postSolution
		SolutionGuid = {CD1AA3EE-75D6-4C35-9AA4-400F342F83C3}
	EndGlobalSection
EndGlobal
